// !$*UTF8*$!
{
	archiveVersion = 1;
	classes = {
	};
	objectVersion = 51;
	objects = {

/* Begin PBXBuildFile section */
		4A03DE55253D742A00912ED1 /* AppDelegate.swift in Sources */ = {isa = PBXBuildFile; fileRef = 4A03DE54253D742A00912ED1 /* AppDelegate.swift */; };
		4A03DE5E253D742C00912ED1 /* Assets.xcassets in Resources */ = {isa = PBXBuildFile; fileRef = 4A03DE5D253D742C00912ED1 /* Assets.xcassets */; };
		4A03DE61253D742C00912ED1 /* LaunchScreen.storyboard in Resources */ = {isa = PBXBuildFile; fileRef = 4A03DE5F253D742C00912ED1 /* LaunchScreen.storyboard */; };
		4A4748D0253D7DA500FAB0E0 /* MainStore.swift in Sources */ = {isa = PBXBuildFile; fileRef = 4A4748CF253D7DA500FAB0E0 /* MainStore.swift */; };
		4A4748D4253D7DE200FAB0E0 /* Coordinator.swift in Sources */ = {isa = PBXBuildFile; fileRef = 4A4748D3253D7DE200FAB0E0 /* Coordinator.swift */; };
		4A4748D7253D7E4600FAB0E0 /* ApplicationCoordinator.swift in Sources */ = {isa = PBXBuildFile; fileRef = 4A4748D6253D7E4600FAB0E0 /* ApplicationCoordinator.swift */; };
		4A4748DC253D7FC700FAB0E0 /* ResultsListViewController.swift in Sources */ = {isa = PBXBuildFile; fileRef = 4A4748DB253D7FC700FAB0E0 /* ResultsListViewController.swift */; };
		4A4748DF253D7FD200FAB0E0 /* ResultsListViewModel.swift in Sources */ = {isa = PBXBuildFile; fileRef = 4A4748DE253D7FD200FAB0E0 /* ResultsListViewModel.swift */; };
		4A4748E2253D800400FAB0E0 /* ResultsListCoordinator.swift in Sources */ = {isa = PBXBuildFile; fileRef = 4A4748E1253D800400FAB0E0 /* ResultsListCoordinator.swift */; };
		4A4748E7253D810D00FAB0E0 /* OCRResultModel.swift in Sources */ = {isa = PBXBuildFile; fileRef = 4A4748E6253D810D00FAB0E0 /* OCRResultModel.swift */; };
		4A4748EA253DBC3500FAB0E0 /* CameraController.swift in Sources */ = {isa = PBXBuildFile; fileRef = 4A4748E9253DBC3500FAB0E0 /* CameraController.swift */; };
		4A4748EF253DBFC700FAB0E0 /* ResultDetailsViewController.swift in Sources */ = {isa = PBXBuildFile; fileRef = 4A4748EE253DBFC700FAB0E0 /* ResultDetailsViewController.swift */; };
		4A4748F2253DBFE100FAB0E0 /* ResultDetailsViewModel.swift in Sources */ = {isa = PBXBuildFile; fileRef = 4A4748F1253DBFE100FAB0E0 /* ResultDetailsViewModel.swift */; };
		4A4748F6253DC26800FAB0E0 /* FirebaseMLKitOCR.swift in Sources */ = {isa = PBXBuildFile; fileRef = 4A4748F5253DC26800FAB0E0 /* FirebaseMLKitOCR.swift */; };
		4A4748F9253DC30E00FAB0E0 /* GoogleService-Info.plist in Resources */ = {isa = PBXBuildFile; fileRef = 4A4748F8253DC30E00FAB0E0 /* GoogleService-Info.plist */; };
		4A474914253DC59500FAB0E0 /* OCRResultData.xcdatamodeld in Sources */ = {isa = PBXBuildFile; fileRef = 4A474912253DC59500FAB0E0 /* OCRResultData.xcdatamodeld */; };
		4A474924253DC66900FAB0E0 /* OCRResult+CoreDataClass.swift in Sources */ = {isa = PBXBuildFile; fileRef = 4A474923253DC66800FAB0E0 /* OCRResult+CoreDataClass.swift */; };
		4A474925253DC66900FAB0E0 /* OCRResult+CoreDataProperties.swift in Sources */ = {isa = PBXBuildFile; fileRef = 4A474922253DC66800FAB0E0 /* OCRResult+CoreDataProperties.swift */; };
		4A47492A253DC7B600FAB0E0 /* CoreDataStack.swift in Sources */ = {isa = PBXBuildFile; fileRef = 4A474929253DC7B600FAB0E0 /* CoreDataStack.swift */; };
		4A47492D253DC96200FAB0E0 /* ImageStorage.swift in Sources */ = {isa = PBXBuildFile; fileRef = 4A47492C253DC96200FAB0E0 /* ImageStorage.swift */; };
		4A474931253DDE5400FAB0E0 /* UIColor+extension.swift in Sources */ = {isa = PBXBuildFile; fileRef = 4A474930253DDE5400FAB0E0 /* UIColor+extension.swift */; };
		4A474934253DDE7800FAB0E0 /* RoundedButton.swift in Sources */ = {isa = PBXBuildFile; fileRef = 4A474933253DDE7800FAB0E0 /* RoundedButton.swift */; };
		B1810F77461B81EC2AA60C47 /* Pods_BrightOCR.framework in Frameworks */ = {isa = PBXBuildFile; fileRef = 09FC9F0BF611EB3027CD7ECB /* Pods_BrightOCR.framework */; };
/* End PBXBuildFile section */

/* Begin PBXFileReference section */
		09FC9F0BF611EB3027CD7ECB /* Pods_BrightOCR.framework */ = {isa = PBXFileReference; explicitFileType = wrapper.framework; includeInIndex = 0; path = Pods_BrightOCR.framework; sourceTree = BUILT_PRODUCTS_DIR; };
		4A03DE51253D742A00912ED1 /* BrightOCR.app */ = {isa = PBXFileReference; explicitFileType = wrapper.application; includeInIndex = 0; path = BrightOCR.app; sourceTree = BUILT_PRODUCTS_DIR; };
		4A03DE54253D742A00912ED1 /* AppDelegate.swift */ = {isa = PBXFileReference; lastKnownFileType = sourcecode.swift; path = AppDelegate.swift; sourceTree = "<group>"; };
		4A03DE5D253D742C00912ED1 /* Assets.xcassets */ = {isa = PBXFileReference; lastKnownFileType = folder.assetcatalog; path = Assets.xcassets; sourceTree = "<group>"; };
		4A03DE60253D742C00912ED1 /* Base */ = {isa = PBXFileReference; lastKnownFileType = file.storyboard; name = Base; path = Base.lproj/LaunchScreen.storyboard; sourceTree = "<group>"; };
		4A03DE62253D742C00912ED1 /* Info.plist */ = {isa = PBXFileReference; lastKnownFileType = text.plist.xml; path = Info.plist; sourceTree = "<group>"; };
		4A4748CF253D7DA500FAB0E0 /* MainStore.swift */ = {isa = PBXFileReference; lastKnownFileType = sourcecode.swift; path = MainStore.swift; sourceTree = "<group>"; };
		4A4748D3253D7DE200FAB0E0 /* Coordinator.swift */ = {isa = PBXFileReference; lastKnownFileType = sourcecode.swift; path = Coordinator.swift; sourceTree = "<group>"; };
		4A4748D6253D7E4600FAB0E0 /* ApplicationCoordinator.swift */ = {isa = PBXFileReference; lastKnownFileType = sourcecode.swift; path = ApplicationCoordinator.swift; sourceTree = "<group>"; };
		4A4748DB253D7FC700FAB0E0 /* ResultsListViewController.swift */ = {isa = PBXFileReference; lastKnownFileType = sourcecode.swift; path = ResultsListViewController.swift; sourceTree = "<group>"; };
		4A4748DE253D7FD200FAB0E0 /* ResultsListViewModel.swift */ = {isa = PBXFileReference; lastKnownFileType = sourcecode.swift; path = ResultsListViewModel.swift; sourceTree = "<group>"; };
		4A4748E1253D800400FAB0E0 /* ResultsListCoordinator.swift */ = {isa = PBXFileReference; lastKnownFileType = sourcecode.swift; path = ResultsListCoordinator.swift; sourceTree = "<group>"; };
		4A4748E6253D810D00FAB0E0 /* OCRResultModel.swift */ = {isa = PBXFileReference; lastKnownFileType = sourcecode.swift; path = OCRResultModel.swift; sourceTree = "<group>"; };
		4A4748E9253DBC3500FAB0E0 /* CameraController.swift */ = {isa = PBXFileReference; lastKnownFileType = sourcecode.swift; path = CameraController.swift; sourceTree = "<group>"; };
		4A4748EE253DBFC700FAB0E0 /* ResultDetailsViewController.swift */ = {isa = PBXFileReference; lastKnownFileType = sourcecode.swift; path = ResultDetailsViewController.swift; sourceTree = "<group>"; };
		4A4748F1253DBFE100FAB0E0 /* ResultDetailsViewModel.swift */ = {isa = PBXFileReference; lastKnownFileType = sourcecode.swift; path = ResultDetailsViewModel.swift; sourceTree = "<group>"; };
		4A4748F5253DC26800FAB0E0 /* FirebaseMLKitOCR.swift */ = {isa = PBXFileReference; lastKnownFileType = sourcecode.swift; path = FirebaseMLKitOCR.swift; sourceTree = "<group>"; };
		4A4748F8253DC30E00FAB0E0 /* GoogleService-Info.plist */ = {isa = PBXFileReference; fileEncoding = 4; lastKnownFileType = text.plist.xml; path = "GoogleService-Info.plist"; sourceTree = "<group>"; };
		4A474913253DC59500FAB0E0 /* OCRResultData.xcdatamodel */ = {isa = PBXFileReference; lastKnownFileType = wrapper.xcdatamodel; path = OCRResultData.xcdatamodel; sourceTree = "<group>"; };
		4A474922253DC66800FAB0E0 /* OCRResult+CoreDataProperties.swift */ = {isa = PBXFileReference; lastKnownFileType = sourcecode.swift; path = "OCRResult+CoreDataProperties.swift"; sourceTree = "<group>"; };
		4A474923253DC66800FAB0E0 /* OCRResult+CoreDataClass.swift */ = {isa = PBXFileReference; lastKnownFileType = sourcecode.swift; path = "OCRResult+CoreDataClass.swift"; sourceTree = "<group>"; };
		4A474929253DC7B600FAB0E0 /* CoreDataStack.swift */ = {isa = PBXFileReference; lastKnownFileType = sourcecode.swift; path = CoreDataStack.swift; sourceTree = "<group>"; };
		4A47492C253DC96200FAB0E0 /* ImageStorage.swift */ = {isa = PBXFileReference; lastKnownFileType = sourcecode.swift; path = ImageStorage.swift; sourceTree = "<group>"; };
		4A474930253DDE5400FAB0E0 /* UIColor+extension.swift */ = {isa = PBXFileReference; lastKnownFileType = sourcecode.swift; path = "UIColor+extension.swift"; sourceTree = "<group>"; };
		4A474933253DDE7800FAB0E0 /* RoundedButton.swift */ = {isa = PBXFileReference; lastKnownFileType = sourcecode.swift; path = RoundedButton.swift; sourceTree = "<group>"; };
		934C7590FA25E1A131B0EF31 /* Pods-BrightOCR.debug.xcconfig */ = {isa = PBXFileReference; includeInIndex = 1; lastKnownFileType = text.xcconfig; name = "Pods-BrightOCR.debug.xcconfig"; path = "Target Support Files/Pods-BrightOCR/Pods-BrightOCR.debug.xcconfig"; sourceTree = "<group>"; };
		952538D8731B64A2BB08EA07 /* Pods-BrightOCR.release.xcconfig */ = {isa = PBXFileReference; includeInIndex = 1; lastKnownFileType = text.xcconfig; name = "Pods-BrightOCR.release.xcconfig"; path = "Target Support Files/Pods-BrightOCR/Pods-BrightOCR.release.xcconfig"; sourceTree = "<group>"; };
/* End PBXFileReference section */

/* Begin PBXFrameworksBuildPhase section */
		4A03DE4E253D742A00912ED1 /* Frameworks */ = {
			isa = PBXFrameworksBuildPhase;
			buildActionMask = 2147483647;
			files = (
				B1810F77461B81EC2AA60C47 /* Pods_BrightOCR.framework in Frameworks */,
			);
			runOnlyForDeploymentPostprocessing = 0;
		};
/* End PBXFrameworksBuildPhase section */

/* Begin PBXGroup section */
		4A03DE48253D742A00912ED1 = {
			isa = PBXGroup;
			children = (
				4A03DE53253D742A00912ED1 /* BrightOCR */,
				4A03DE52253D742A00912ED1 /* Products */,
				89B12FA29360532F0BA82DB0 /* Pods */,
				BC798DF41212E0B514387423 /* Frameworks */,
			);
			sourceTree = "<group>";
		};
		4A03DE52253D742A00912ED1 /* Products */ = {
			isa = PBXGroup;
			children = (
				4A03DE51253D742A00912ED1 /* BrightOCR.app */,
			);
			name = Products;
			sourceTree = "<group>";
		};
		4A03DE53253D742A00912ED1 /* BrightOCR */ = {
			isa = PBXGroup;
			children = (
				4A47492F253DDE3200FAB0E0 /* Shared */,
				4A4748F4253DC24500FAB0E0 /* OCREngines */,
				4A4748E5253D80F500FAB0E0 /* Persistance */,
				4A4748D9253D7F9100FAB0E0 /* Scenes */,
				4A4748D2253D7DD000FAB0E0 /* Coordinator */,
				4A4748CE253D7D9A00FAB0E0 /* Store */,
				4A03DE54253D742A00912ED1 /* AppDelegate.swift */,
				4A4748F8253DC30E00FAB0E0 /* GoogleService-Info.plist */,
				4A03DE5D253D742C00912ED1 /* Assets.xcassets */,
				4A03DE5F253D742C00912ED1 /* LaunchScreen.storyboard */,
				4A03DE62253D742C00912ED1 /* Info.plist */,
			);
			path = BrightOCR;
			sourceTree = "<group>";
		};
		4A4748CE253D7D9A00FAB0E0 /* Store */ = {
			isa = PBXGroup;
			children = (
				4A4748CF253D7DA500FAB0E0 /* MainStore.swift */,
				4A474929253DC7B600FAB0E0 /* CoreDataStack.swift */,
				4A47492C253DC96200FAB0E0 /* ImageStorage.swift */,
			);
			path = Store;
			sourceTree = "<group>";
		};
		4A4748D2253D7DD000FAB0E0 /* Coordinator */ = {
			isa = PBXGroup;
			children = (
				4A4748D3253D7DE200FAB0E0 /* Coordinator.swift */,
				4A4748D6253D7E4600FAB0E0 /* ApplicationCoordinator.swift */,
			);
			path = Coordinator;
			sourceTree = "<group>";
		};
		4A4748D9253D7F9100FAB0E0 /* Scenes */ = {
			isa = PBXGroup;
			children = (
				4A4748ED253DBFAE00FAB0E0 /* ResultDetailsView */,
				4A4748DA253D7FB400FAB0E0 /* ResultsList */,
			);
			path = Scenes;
			sourceTree = "<group>";
		};
		4A4748DA253D7FB400FAB0E0 /* ResultsList */ = {
			isa = PBXGroup;
			children = (
				4A4748DB253D7FC700FAB0E0 /* ResultsListViewController.swift */,
				4A4748DE253D7FD200FAB0E0 /* ResultsListViewModel.swift */,
				4A4748E1253D800400FAB0E0 /* ResultsListCoordinator.swift */,
				4A4748E9253DBC3500FAB0E0 /* CameraController.swift */,
			);
			path = ResultsList;
			sourceTree = "<group>";
		};
		4A4748E5253D80F500FAB0E0 /* Persistance */ = {
			isa = PBXGroup;
			children = (
				4A474927253DC68F00FAB0E0 /* CoreDataSubclasses */,
				4A4748E6253D810D00FAB0E0 /* OCRResultModel.swift */,
				4A474912253DC59500FAB0E0 /* OCRResultData.xcdatamodeld */,
			);
			path = Persistance;
			sourceTree = "<group>";
		};
		4A4748ED253DBFAE00FAB0E0 /* ResultDetailsView */ = {
			isa = PBXGroup;
			children = (
				4A4748EE253DBFC700FAB0E0 /* ResultDetailsViewController.swift */,
				4A4748F1253DBFE100FAB0E0 /* ResultDetailsViewModel.swift */,
			);
			path = ResultDetailsView;
			sourceTree = "<group>";
		};
		4A4748F4253DC24500FAB0E0 /* OCREngines */ = {
			isa = PBXGroup;
			children = (
				4A4748F5253DC26800FAB0E0 /* FirebaseMLKitOCR.swift */,
			);
			path = OCREngines;
			sourceTree = "<group>";
		};
		4A474927253DC68F00FAB0E0 /* CoreDataSubclasses */ = {
			isa = PBXGroup;
			children = (
				4A474923253DC66800FAB0E0 /* OCRResult+CoreDataClass.swift */,
				4A474922253DC66800FAB0E0 /* OCRResult+CoreDataProperties.swift */,
			);
			name = CoreDataSubclasses;
			sourceTree = "<group>";
		};
		4A47492F253DDE3200FAB0E0 /* Shared */ = {
			isa = PBXGroup;
			children = (
				4A474930253DDE5400FAB0E0 /* UIColor+extension.swift */,
				4A474933253DDE7800FAB0E0 /* RoundedButton.swift */,
			);
			path = Shared;
			sourceTree = "<group>";
		};
		89B12FA29360532F0BA82DB0 /* Pods */ = {
			isa = PBXGroup;
			children = (
				934C7590FA25E1A131B0EF31 /* Pods-BrightOCR.debug.xcconfig */,
				952538D8731B64A2BB08EA07 /* Pods-BrightOCR.release.xcconfig */,
			);
			path = Pods;
			sourceTree = "<group>";
		};
		BC798DF41212E0B514387423 /* Frameworks */ = {
			isa = PBXGroup;
			children = (
				09FC9F0BF611EB3027CD7ECB /* Pods_BrightOCR.framework */,
			);
			name = Frameworks;
			sourceTree = "<group>";
		};
/* End PBXGroup section */

/* Begin PBXNativeTarget section */
		4A03DE50253D742A00912ED1 /* BrightOCR */ = {
			isa = PBXNativeTarget;
			buildConfigurationList = 4A03DE65253D742C00912ED1 /* Build configuration list for PBXNativeTarget "BrightOCR" */;
			buildPhases = (
				4EFB15185BA9C1FD8E589F03 /* [CP] Check Pods Manifest.lock */,
				4A03DE76253D79C400912ED1 /* SwiftLint Autocorrect */,
				4A03DE4D253D742A00912ED1 /* Sources */,
				4A03DE4E253D742A00912ED1 /* Frameworks */,
				4A03DE4F253D742A00912ED1 /* Resources */,
				25C9701DA5EBB691BA8F5293 /* [CP] Embed Pods Frameworks */,
				3898D96346932012DA6DC1D0 /* [CP] Copy Pods Resources */,
			);
			buildRules = (
			);
			dependencies = (
			);
			name = BrightOCR;
			productName = BrightOCR;
			productReference = 4A03DE51253D742A00912ED1 /* BrightOCR.app */;
			productType = "com.apple.product-type.application";
		};
/* End PBXNativeTarget section */

/* Begin PBXProject section */
		4A03DE49253D742A00912ED1 /* Project object */ = {
			isa = PBXProject;
			attributes = {
				LastSwiftUpdateCheck = 1200;
				LastUpgradeCheck = 1200;
				TargetAttributes = {
					4A03DE50253D742A00912ED1 = {
						CreatedOnToolsVersion = 12.0;
					};
				};
			};
			buildConfigurationList = 4A03DE4C253D742A00912ED1 /* Build configuration list for PBXProject "BrightOCR" */;
			compatibilityVersion = "Xcode 9.3";
			developmentRegion = en;
			hasScannedForEncodings = 0;
			knownRegions = (
				en,
				Base,
			);
			mainGroup = 4A03DE48253D742A00912ED1;
			productRefGroup = 4A03DE52253D742A00912ED1 /* Products */;
			projectDirPath = "";
			projectRoot = "";
			targets = (
				4A03DE50253D742A00912ED1 /* BrightOCR */,
			);
		};
/* End PBXProject section */

/* Begin PBXResourcesBuildPhase section */
		4A03DE4F253D742A00912ED1 /* Resources */ = {
			isa = PBXResourcesBuildPhase;
			buildActionMask = 2147483647;
			files = (
				4A03DE61253D742C00912ED1 /* LaunchScreen.storyboard in Resources */,
				4A03DE5E253D742C00912ED1 /* Assets.xcassets in Resources */,
				4A4748F9253DC30E00FAB0E0 /* GoogleService-Info.plist in Resources */,
			);
			runOnlyForDeploymentPostprocessing = 0;
		};
/* End PBXResourcesBuildPhase section */

/* Begin PBXShellScriptBuildPhase section */
		25C9701DA5EBB691BA8F5293 /* [CP] Embed Pods Frameworks */ = {
			isa = PBXShellScriptBuildPhase;
			buildActionMask = 2147483647;
			files = (
			);
			inputFileListPaths = (
				"${PODS_ROOT}/Target Support Files/Pods-BrightOCR/Pods-BrightOCR-frameworks-${CONFIGURATION}-input-files.xcfilelist",
			);
			name = "[CP] Embed Pods Frameworks";
			outputFileListPaths = (
				"${PODS_ROOT}/Target Support Files/Pods-BrightOCR/Pods-BrightOCR-frameworks-${CONFIGURATION}-output-files.xcfilelist",
			);
			runOnlyForDeploymentPostprocessing = 0;
			shellPath = /bin/sh;
			shellScript = "\"${PODS_ROOT}/Target Support Files/Pods-BrightOCR/Pods-BrightOCR-frameworks.sh\"\n";
			showEnvVarsInLog = 0;
		};
		3898D96346932012DA6DC1D0 /* [CP] Copy Pods Resources */ = {
			isa = PBXShellScriptBuildPhase;
			buildActionMask = 2147483647;
			files = (
			);
			inputFileListPaths = (
				"${PODS_ROOT}/Target Support Files/Pods-BrightOCR/Pods-BrightOCR-resources-${CONFIGURATION}-input-files.xcfilelist",
			);
			name = "[CP] Copy Pods Resources";
			outputFileListPaths = (
				"${PODS_ROOT}/Target Support Files/Pods-BrightOCR/Pods-BrightOCR-resources-${CONFIGURATION}-output-files.xcfilelist",
			);
			runOnlyForDeploymentPostprocessing = 0;
			shellPath = /bin/sh;
			shellScript = "\"${PODS_ROOT}/Target Support Files/Pods-BrightOCR/Pods-BrightOCR-resources.sh\"\n";
			showEnvVarsInLog = 0;
		};
		4A03DE76253D79C400912ED1 /* SwiftLint Autocorrect */ = {
			isa = PBXShellScriptBuildPhase;
			buildActionMask = 2147483647;
			files = (
			);
			inputFileListPaths = (
			);
			inputPaths = (
			);
			name = "SwiftLint Autocorrect";
			outputFileListPaths = (
			);
			outputPaths = (
			);
			runOnlyForDeploymentPostprocessing = 0;
			shellPath = /bin/sh;
			shellScript = "\"${PODS_ROOT}/SwiftLint/swiftlint\" autocorrect\n";
		};
		4EFB15185BA9C1FD8E589F03 /* [CP] Check Pods Manifest.lock */ = {
			isa = PBXShellScriptBuildPhase;
			buildActionMask = 2147483647;
			files = (
			);
			inputFileListPaths = (
			);
			inputPaths = (
				"${PODS_PODFILE_DIR_PATH}/Podfile.lock",
				"${PODS_ROOT}/Manifest.lock",
			);
			name = "[CP] Check Pods Manifest.lock";
			outputFileListPaths = (
			);
			outputPaths = (
				"$(DERIVED_FILE_DIR)/Pods-BrightOCR-checkManifestLockResult.txt",
			);
			runOnlyForDeploymentPostprocessing = 0;
			shellPath = /bin/sh;
			shellScript = "diff \"${PODS_PODFILE_DIR_PATH}/Podfile.lock\" \"${PODS_ROOT}/Manifest.lock\" > /dev/null\nif [ $? != 0 ] ; then\n    # print error to STDERR\n    echo \"error: The sandbox is not in sync with the Podfile.lock. Run 'pod install' or update your CocoaPods installation.\" >&2\n    exit 1\nfi\n# This output is used by Xcode 'outputs' to avoid re-running this script phase.\necho \"SUCCESS\" > \"${SCRIPT_OUTPUT_FILE_0}\"\n";
			showEnvVarsInLog = 0;
		};
/* End PBXShellScriptBuildPhase section */

/* Begin PBXSourcesBuildPhase section */
		4A03DE4D253D742A00912ED1 /* Sources */ = {
			isa = PBXSourcesBuildPhase;
			buildActionMask = 2147483647;
			files = (
				4A4748EA253DBC3500FAB0E0 /* CameraController.swift in Sources */,
				4A4748D0253D7DA500FAB0E0 /* MainStore.swift in Sources */,
				4A4748E2253D800400FAB0E0 /* ResultsListCoordinator.swift in Sources */,
				4A474934253DDE7800FAB0E0 /* RoundedButton.swift in Sources */,
				4A474931253DDE5400FAB0E0 /* UIColor+extension.swift in Sources */,
				4A4748F6253DC26800FAB0E0 /* FirebaseMLKitOCR.swift in Sources */,
				4A4748F2253DBFE100FAB0E0 /* ResultDetailsViewModel.swift in Sources */,
				4A03DE55253D742A00912ED1 /* AppDelegate.swift in Sources */,
				4A474914253DC59500FAB0E0 /* OCRResultData.xcdatamodeld in Sources */,
				4A47492A253DC7B600FAB0E0 /* CoreDataStack.swift in Sources */,
				4A4748E7253D810D00FAB0E0 /* OCRResultModel.swift in Sources */,
				4A4748D4253D7DE200FAB0E0 /* Coordinator.swift in Sources */,
				4A47492D253DC96200FAB0E0 /* ImageStorage.swift in Sources */,
				4A4748DC253D7FC700FAB0E0 /* ResultsListViewController.swift in Sources */,
				4A4748D7253D7E4600FAB0E0 /* ApplicationCoordinator.swift in Sources */,
				4A474924253DC66900FAB0E0 /* OCRResult+CoreDataClass.swift in Sources */,
				4A4748EF253DBFC700FAB0E0 /* ResultDetailsViewController.swift in Sources */,
				4A4748DF253D7FD200FAB0E0 /* ResultsListViewModel.swift in Sources */,
				4A474925253DC66900FAB0E0 /* OCRResult+CoreDataProperties.swift in Sources */,
			);
			runOnlyForDeploymentPostprocessing = 0;
		};
/* End PBXSourcesBuildPhase section */

/* Begin PBXVariantGroup section */
		4A03DE5F253D742C00912ED1 /* LaunchScreen.storyboard */ = {
			isa = PBXVariantGroup;
			children = (
				4A03DE60253D742C00912ED1 /* Base */,
			);
			name = LaunchScreen.storyboard;
			sourceTree = "<group>";
		};
/* End PBXVariantGroup section */

/* Begin XCBuildConfiguration section */
		4A03DE63253D742C00912ED1 /* Debug */ = {
			isa = XCBuildConfiguration;
			buildSettings = {
				ALWAYS_SEARCH_USER_PATHS = NO;
				CLANG_ANALYZER_NONNULL = YES;
				CLANG_ANALYZER_NUMBER_OBJECT_CONVERSION = YES_AGGRESSIVE;
				CLANG_CXX_LANGUAGE_STANDARD = "gnu++14";
				CLANG_CXX_LIBRARY = "libc++";
				CLANG_ENABLE_MODULES = YES;
				CLANG_ENABLE_OBJC_ARC = YES;
				CLANG_ENABLE_OBJC_WEAK = YES;
				CLANG_WARN_BLOCK_CAPTURE_AUTORELEASING = YES;
				CLANG_WARN_BOOL_CONVERSION = YES;
				CLANG_WARN_COMMA = YES;
				CLANG_WARN_CONSTANT_CONVERSION = YES;
				CLANG_WARN_DEPRECATED_OBJC_IMPLEMENTATIONS = YES;
				CLANG_WARN_DIRECT_OBJC_ISA_USAGE = YES_ERROR;
				CLANG_WARN_DOCUMENTATION_COMMENTS = YES;
				CLANG_WARN_EMPTY_BODY = YES;
				CLANG_WARN_ENUM_CONVERSION = YES;
				CLANG_WARN_INFINITE_RECURSION = YES;
				CLANG_WARN_INT_CONVERSION = YES;
				CLANG_WARN_NON_LITERAL_NULL_CONVERSION = YES;
				CLANG_WARN_OBJC_IMPLICIT_RETAIN_SELF = YES;
				CLANG_WARN_OBJC_LITERAL_CONVERSION = YES;
				CLANG_WARN_OBJC_ROOT_CLASS = YES_ERROR;
				CLANG_WARN_QUOTED_INCLUDE_IN_FRAMEWORK_HEADER = YES;
				CLANG_WARN_RANGE_LOOP_ANALYSIS = YES;
				CLANG_WARN_STRICT_PROTOTYPES = YES;
				CLANG_WARN_SUSPICIOUS_MOVE = YES;
				CLANG_WARN_UNGUARDED_AVAILABILITY = YES_AGGRESSIVE;
				CLANG_WARN_UNREACHABLE_CODE = YES;
				CLANG_WARN__DUPLICATE_METHOD_MATCH = YES;
				COPY_PHASE_STRIP = NO;
				DEBUG_INFORMATION_FORMAT = dwarf;
				ENABLE_STRICT_OBJC_MSGSEND = YES;
				ENABLE_TESTABILITY = YES;
				GCC_C_LANGUAGE_STANDARD = gnu11;
				GCC_DYNAMIC_NO_PIC = NO;
				GCC_NO_COMMON_BLOCKS = YES;
				GCC_OPTIMIZATION_LEVEL = 0;
				GCC_PREPROCESSOR_DEFINITIONS = (
					"DEBUG=1",
					"$(inherited)",
				);
				GCC_WARN_64_TO_32_BIT_CONVERSION = YES;
				GCC_WARN_ABOUT_RETURN_TYPE = YES_ERROR;
				GCC_WARN_UNDECLARED_SELECTOR = YES;
				GCC_WARN_UNINITIALIZED_AUTOS = YES_AGGRESSIVE;
				GCC_WARN_UNUSED_FUNCTION = YES;
				GCC_WARN_UNUSED_VARIABLE = YES;
				IPHONEOS_DEPLOYMENT_TARGET = 12.0;
				MTL_ENABLE_DEBUG_INFO = INCLUDE_SOURCE;
				MTL_FAST_MATH = YES;
				ONLY_ACTIVE_ARCH = YES;
				SDKROOT = iphoneos;
				SWIFT_ACTIVE_COMPILATION_CONDITIONS = DEBUG;
				SWIFT_OPTIMIZATION_LEVEL = "-Onone";
			};
			name = Debug;
		};
		4A03DE64253D742C00912ED1 /* Release */ = {
			isa = XCBuildConfiguration;
			buildSettings = {
				ALWAYS_SEARCH_USER_PATHS = NO;
				CLANG_ANALYZER_NONNULL = YES;
				CLANG_ANALYZER_NUMBER_OBJECT_CONVERSION = YES_AGGRESSIVE;
				CLANG_CXX_LANGUAGE_STANDARD = "gnu++14";
				CLANG_CXX_LIBRARY = "libc++";
				CLANG_ENABLE_MODULES = YES;
				CLANG_ENABLE_OBJC_ARC = YES;
				CLANG_ENABLE_OBJC_WEAK = YES;
				CLANG_WARN_BLOCK_CAPTURE_AUTORELEASING = YES;
				CLANG_WARN_BOOL_CONVERSION = YES;
				CLANG_WARN_COMMA = YES;
				CLANG_WARN_CONSTANT_CONVERSION = YES;
				CLANG_WARN_DEPRECATED_OBJC_IMPLEMENTATIONS = YES;
				CLANG_WARN_DIRECT_OBJC_ISA_USAGE = YES_ERROR;
				CLANG_WARN_DOCUMENTATION_COMMENTS = YES;
				CLANG_WARN_EMPTY_BODY = YES;
				CLANG_WARN_ENUM_CONVERSION = YES;
				CLANG_WARN_INFINITE_RECURSION = YES;
				CLANG_WARN_INT_CONVERSION = YES;
				CLANG_WARN_NON_LITERAL_NULL_CONVERSION = YES;
				CLANG_WARN_OBJC_IMPLICIT_RETAIN_SELF = YES;
				CLANG_WARN_OBJC_LITERAL_CONVERSION = YES;
				CLANG_WARN_OBJC_ROOT_CLASS = YES_ERROR;
				CLANG_WARN_QUOTED_INCLUDE_IN_FRAMEWORK_HEADER = YES;
				CLANG_WARN_RANGE_LOOP_ANALYSIS = YES;
				CLANG_WARN_STRICT_PROTOTYPES = YES;
				CLANG_WARN_SUSPICIOUS_MOVE = YES;
				CLANG_WARN_UNGUARDED_AVAILABILITY = YES_AGGRESSIVE;
				CLANG_WARN_UNREACHABLE_CODE = YES;
				CLANG_WARN__DUPLICATE_METHOD_MATCH = YES;
				COPY_PHASE_STRIP = NO;
				DEBUG_INFORMATION_FORMAT = "dwarf-with-dsym";
				ENABLE_NS_ASSERTIONS = NO;
				ENABLE_STRICT_OBJC_MSGSEND = YES;
				GCC_C_LANGUAGE_STANDARD = gnu11;
				GCC_NO_COMMON_BLOCKS = YES;
				GCC_WARN_64_TO_32_BIT_CONVERSION = YES;
				GCC_WARN_ABOUT_RETURN_TYPE = YES_ERROR;
				GCC_WARN_UNDECLARED_SELECTOR = YES;
				GCC_WARN_UNINITIALIZED_AUTOS = YES_AGGRESSIVE;
				GCC_WARN_UNUSED_FUNCTION = YES;
				GCC_WARN_UNUSED_VARIABLE = YES;
				IPHONEOS_DEPLOYMENT_TARGET = 12.0;
				MTL_ENABLE_DEBUG_INFO = NO;
				MTL_FAST_MATH = YES;
				SDKROOT = iphoneos;
				SWIFT_COMPILATION_MODE = wholemodule;
				SWIFT_OPTIMIZATION_LEVEL = "-O";
				VALIDATE_PRODUCT = YES;
			};
			name = Release;
		};
		4A03DE66253D742C00912ED1 /* Debug */ = {
			isa = XCBuildConfiguration;
			baseConfigurationReference = 934C7590FA25E1A131B0EF31 /* Pods-BrightOCR.debug.xcconfig */;
			buildSettings = {
				ASSETCATALOG_COMPILER_APPICON_NAME = AppIcon;
				ASSETCATALOG_COMPILER_GLOBAL_ACCENT_COLOR_NAME = AccentColor;
				CODE_SIGN_STYLE = Automatic;
				DEVELOPMENT_TEAM = AEXXQNVE8L;
				INFOPLIST_FILE = BrightOCR/Info.plist;
				IPHONEOS_DEPLOYMENT_TARGET = 12.0;
				LD_RUNPATH_SEARCH_PATHS = (
					"$(inherited)",
					"@executable_path/Frameworks",
				);
				PRODUCT_BUNDLE_IDENTIFIER = pl.kamajabu.BrightOCR;
				PRODUCT_NAME = "$(TARGET_NAME)";
				SWIFT_VERSION = 5.0;
				TARGETED_DEVICE_FAMILY = "1,2";
			};
			name = Debug;
		};
		4A03DE67253D742C00912ED1 /* Release */ = {
			isa = XCBuildConfiguration;
			baseConfigurationReference = 952538D8731B64A2BB08EA07 /* Pods-BrightOCR.release.xcconfig */;
			buildSettings = {
				ASSETCATALOG_COMPILER_APPICON_NAME = AppIcon;
				ASSETCATALOG_COMPILER_GLOBAL_ACCENT_COLOR_NAME = AccentColor;
				CODE_SIGN_STYLE = Automatic;
				DEVELOPMENT_TEAM = AEXXQNVE8L;
				INFOPLIST_FILE = BrightOCR/Info.plist;
				IPHONEOS_DEPLOYMENT_TARGET = 12.0;
				LD_RUNPATH_SEARCH_PATHS = (
					"$(inherited)",
					"@executable_path/Frameworks",
				);
				PRODUCT_BUNDLE_IDENTIFIER = pl.kamajabu.BrightOCR;
				PRODUCT_NAME = "$(TARGET_NAME)";
				SWIFT_VERSION = 5.0;
				TARGETED_DEVICE_FAMILY = "1,2";
			};
			name = Release;
		};
/* End XCBuildConfiguration section */

/* Begin XCConfigurationList section */
		4A03DE4C253D742A00912ED1 /* Build configuration list for PBXProject "BrightOCR" */ = {
			isa = XCConfigurationList;
			buildConfigurations = (
				4A03DE63253D742C00912ED1 /* Debug */,
				4A03DE64253D742C00912ED1 /* Release */,
			);
			defaultConfigurationIsVisible = 0;
			defaultConfigurationName = Release;
		};
		4A03DE65253D742C00912ED1 /* Build configuration list for PBXNativeTarget "BrightOCR" */ = {
			isa = XCConfigurationList;
			buildConfigurations = (
				4A03DE66253D742C00912ED1 /* Debug */,
				4A03DE67253D742C00912ED1 /* Release */,
			);
			defaultConfigurationIsVisible = 0;
			defaultConfigurationName = Release;
		};
/* End XCConfigurationList section */

/* Begin XCVersionGroup section */
		4A474912253DC59500FAB0E0 /* OCRResultData.xcdatamodeld */ = {
			isa = XCVersionGroup;
			children = (
				4A474913253DC59500FAB0E0 /* OCRResultData.xcdatamodel */,
			);
			currentVersion = 4A474913253DC59500FAB0E0 /* OCRResultData.xcdatamodel */;
			path = OCRResultData.xcdatamodeld;
			sourceTree = "<group>";
			versionGroupType = wrapper.xcdatamodel;
		};
/* End XCVersionGroup section */
	};
	rootObject = 4A03DE49253D742A00912ED1 /* Project object */;
}
